{
  "nodes": {
    "disko": {
      "inputs": {
        "nixpkgs": [
          "nixpkgs-unstable"
        ]
      },
      "locked": {
        "lastModified": 1741786315,
        "narHash": "sha256-VT65AE2syHVj6v/DGB496bqBnu1PXrrzwlw07/Zpllc=",
        "owner": "nix-community",
        "repo": "disko",
        "rev": "0d8c6ad4a43906d14abd5c60e0ffe7b587b213de",
        "type": "github"
      },
      "original": {
        "owner": "nix-community",
        "repo": "disko",
        "type": "github"
      }
    },
    "nix-darwin": {
      "inputs": {
        "nixpkgs": [
          "nixpkgs-unstable"
        ]
      },
      "locked": {
        "lastModified": 1743221873,
        "narHash": "sha256-i8VPNm4UBsC3Ni6VwjojVJvCpS9GZ4vPrpFRtCGJzBs=",
        "owner": "LnL7",
        "repo": "nix-darwin",
        "rev": "53d0f0ed11487a4476741fde757d0feabef4cc4e",
        "type": "github"
      },
      "original": {
        "owner": "LnL7",
        "repo": "nix-darwin",
        "type": "github"
      }
    },
    "nixpkgs-master": {
      "locked": {
        "lastModified": 1743335853,
        "narHash": "sha256-LR62ccovK4SGAl0GWtphZxCGkX2LWe8rMnfWRsCCiPo=",
        "owner": "NixOS",
        "repo": "nixpkgs",
        "rev": "2b82ae08141bccd9133498449b9e95433f595cd7",
        "type": "github"
      },
      "original": {
        "owner": "NixOS",
        "ref": "master",
        "repo": "nixpkgs",
        "type": "github"
      }
    },
    "nixpkgs-stable": {
      "locked": {
        "lastModified": 1743231893,
        "narHash": "sha256-tpJsHMUPEhEnzySoQxx7+kA+KUtgWqvlcUBqROYNNt0=",
        "owner": "NixOS",
        "repo": "nixpkgs",
        "rev": "c570c1f5304493cafe133b8d843c7c1c4a10d3a6",
        "type": "github"
      },
      "original": {
        "owner": "NixOS",
        "ref": "nixos-24.11",
        "repo": "nixpkgs",
        "type": "github"
      }
    },
    "nixpkgs-unstable": {
      "locked": {
        "lastModified": 1743259260,
        "narHash": "sha256-ArWLUgRm1tKHiqlhnymyVqi5kLNCK5ghvm06mfCl4QY=",
        "owner": "NixOS",
        "repo": "nixpkgs",
        "rev": "eb0e0f21f15c559d2ac7633dc81d079d1caf5f5f",
        "type": "github"
      },
      "original": {
        "owner": "NixOS",
        "ref": "nixpkgs-unstable",
        "repo": "nixpkgs",
        "type": "github"
      }
    },
    "root": {
      "inputs": {
        "disko": "disko",
        "nix-darwin": "nix-darwin",
        "nixpkgs-master": "nixpkgs-master",
        "nixpkgs-stable": "nixpkgs-stable",
        "nixpkgs-unstable": "nixpkgs-unstable"
      }
    }
  },
  "root": "root",
  "version": 7
}
